// !$*UTF8*$!
{
	archiveVersion = 1;
	classes = {
	};
	objectVersion = 50;
	objects = {

/* Begin PBXBuildFile section */
		32AAB7C726753886008F1634 /* RoomsApp.swift in Sources */ = {isa = PBXBuildFile; fileRef = 32AAB7C626753886008F1634 /* RoomsApp.swift */; };
		32AAB7C926753886008F1634 /* ContentView.swift in Sources */ = {isa = PBXBuildFile; fileRef = 32AAB7C826753886008F1634 /* ContentView.swift */; };
		32AAB7CB26753888008F1634 /* Assets.xcassets in Resources */ = {isa = PBXBuildFile; fileRef = 32AAB7CA26753888008F1634 /* Assets.xcassets */; };
		32AAB7CE26753888008F1634 /* Preview Assets.xcassets in Resources */ = {isa = PBXBuildFile; fileRef = 32AAB7CD26753888008F1634 /* Preview Assets.xcassets */; };
		32AAB7D926753888008F1634 /* RoomsTests.swift in Sources */ = {isa = PBXBuildFile; fileRef = 32AAB7D826753888008F1634 /* RoomsTests.swift */; };
		32AAB7E426753888008F1634 /* RoomsUITests.swift in Sources */ = {isa = PBXBuildFile; fileRef = 32AAB7E326753888008F1634 /* RoomsUITests.swift */; };
		32AAB7F826753B4B008F1634 /* Room.swift in Sources */ = {isa = PBXBuildFile; fileRef = 32AAB7F726753B4B008F1634 /* Room.swift */; };
		32AAB81726754287008F1634 /* Rooms.xcassets in Resources */ = {isa = PBXBuildFile; fileRef = 32AAB81626754287008F1634 /* Rooms.xcassets */; };
		32AAB81F26755413008F1634 /* RoomDetail.swift in Sources */ = {isa = PBXBuildFile; fileRef = 32AAB81E26755412008F1634 /* RoomDetail.swift */; };
		32AAB82426756032008F1634 /* RoomStore.swift in Sources */ = {isa = PBXBuildFile; fileRef = 32AAB82326756032008F1634 /* RoomStore.swift */; };
/* End PBXBuildFile section */

/* Begin PBXContainerItemProxy section */
		32AAB7D526753888008F1634 /* PBXContainerItemProxy */ = {
			isa = PBXContainerItemProxy;
			containerPortal = 32AAB7BB26753886008F1634 /* Project object */;
			proxyType = 1;
			remoteGlobalIDString = 32AAB7C226753886008F1634;
			remoteInfo = Rooms;
		};
		32AAB7E026753888008F1634 /* PBXContainerItemProxy */ = {
			isa = PBXContainerItemProxy;
			containerPortal = 32AAB7BB26753886008F1634 /* Project object */;
			proxyType = 1;
			remoteGlobalIDString = 32AAB7C226753886008F1634;
			remoteInfo = Rooms;
		};
/* End PBXContainerItemProxy section */

/* Begin PBXFileReference section */
		32AAB7C326753886008F1634 /* Rooms.app */ = {isa = PBXFileReference; explicitFileType = wrapper.application; includeInIndex = 0; path = Rooms.app; sourceTree = BUILT_PRODUCTS_DIR; };
		32AAB7C626753886008F1634 /* RoomsApp.swift */ = {isa = PBXFileReference; lastKnownFileType = sourcecode.swift; path = RoomsApp.swift; sourceTree = "<group>"; };
		32AAB7C826753886008F1634 /* ContentView.swift */ = {isa = PBXFileReference; lastKnownFileType = sourcecode.swift; path = ContentView.swift; sourceTree = "<group>"; };
		32AAB7CA26753888008F1634 /* Assets.xcassets */ = {isa = PBXFileReference; lastKnownFileType = folder.assetcatalog; path = Assets.xcassets; sourceTree = "<group>"; };
		32AAB7CD26753888008F1634 /* Preview Assets.xcassets */ = {isa = PBXFileReference; lastKnownFileType = folder.assetcatalog; path = "Preview Assets.xcassets"; sourceTree = "<group>"; };
		32AAB7CF26753888008F1634 /* Info.plist */ = {isa = PBXFileReference; lastKnownFileType = text.plist.xml; path = Info.plist; sourceTree = "<group>"; };
		32AAB7D426753888008F1634 /* RoomsTests.xctest */ = {isa = PBXFileReference; explicitFileType = wrapper.cfbundle; includeInIndex = 0; path = RoomsTests.xctest; sourceTree = BUILT_PRODUCTS_DIR; };
		32AAB7D826753888008F1634 /* RoomsTests.swift */ = {isa = PBXFileReference; lastKnownFileType = sourcecode.swift; path = RoomsTests.swift; sourceTree = "<group>"; };
		32AAB7DA26753888008F1634 /* Info.plist */ = {isa = PBXFileReference; lastKnownFileType = text.plist.xml; path = Info.plist; sourceTree = "<group>"; };
		32AAB7DF26753888008F1634 /* RoomsUITests.xctest */ = {isa = PBXFileReference; explicitFileType = wrapper.cfbundle; includeInIndex = 0; path = RoomsUITests.xctest; sourceTree = BUILT_PRODUCTS_DIR; };
		32AAB7E326753888008F1634 /* RoomsUITests.swift */ = {isa = PBXFileReference; lastKnownFileType = sourcecode.swift; path = RoomsUITests.swift; sourceTree = "<group>"; };
		32AAB7E526753888008F1634 /* Info.plist */ = {isa = PBXFileReference; lastKnownFileType = text.plist.xml; path = Info.plist; sourceTree = "<group>"; };
		32AAB7F726753B4B008F1634 /* Room.swift */ = {isa = PBXFileReference; lastKnownFileType = sourcecode.swift; path = Room.swift; sourceTree = "<group>"; };
		32AAB81626754287008F1634 /* Rooms.xcassets */ = {isa = PBXFileReference; lastKnownFileType = folder.assetcatalog; path = Rooms.xcassets; sourceTree = "<group>"; };
		32AAB81E26755412008F1634 /* RoomDetail.swift */ = {isa = PBXFileReference; lastKnownFileType = sourcecode.swift; path = RoomDetail.swift; sourceTree = "<group>"; };
		32AAB82326756032008F1634 /* RoomStore.swift */ = {isa = PBXFileReference; lastKnownFileType = sourcecode.swift; path = RoomStore.swift; sourceTree = "<group>"; };
/* End PBXFileReference section */

/* Begin PBXFrameworksBuildPhase section */
		32AAB7C026753886008F1634 /* Frameworks */ = {
			isa = PBXFrameworksBuildPhase;
			buildActionMask = 2147483647;
			files = (
			);
			runOnlyForDeploymentPostprocessing = 0;
		};
		32AAB7D126753888008F1634 /* Frameworks */ = {
			isa = PBXFrameworksBuildPhase;
			buildActionMask = 2147483647;
			files = (
			);
			runOnlyForDeploymentPostprocessing = 0;
		};
		32AAB7DC26753888008F1634 /* Frameworks */ = {
			isa = PBXFrameworksBuildPhase;
			buildActionMask = 2147483647;
			files = (
			);
			runOnlyForDeploymentPostprocessing = 0;
		};
/* End PBXFrameworksBuildPhase section */

/* Begin PBXGroup section */
		32AAB7BA26753886008F1634 = {
			isa = PBXGroup;
			children = (
				32AAB7C526753886008F1634 /* Rooms */,
				32AAB7D726753888008F1634 /* RoomsTests */,
				32AAB7E226753888008F1634 /* RoomsUITests */,
				32AAB7C426753886008F1634 /* Products */,
			);
			sourceTree = "<group>";
		};
		32AAB7C426753886008F1634 /* Products */ = {
			isa = PBXGroup;
			children = (
				32AAB7C326753886008F1634 /* Rooms.app */,
				32AAB7D426753888008F1634 /* RoomsTests.xctest */,
				32AAB7DF26753888008F1634 /* RoomsUITests.xctest */,
			);
			name = Products;
			sourceTree = "<group>";
		};
		32AAB7C526753886008F1634 /* Rooms */ = {
			isa = PBXGroup;
			children = (
				32AAB7C626753886008F1634 /* RoomsApp.swift */,
				32AAB7C826753886008F1634 /* ContentView.swift */,
				32AAB81E26755412008F1634 /* RoomDetail.swift */,
				32AAB7F726753B4B008F1634 /* Room.swift */,
				32AAB82326756032008F1634 /* RoomStore.swift */,
				32AAB7CA26753888008F1634 /* Assets.xcassets */,
				32AAB81626754287008F1634 /* Rooms.xcassets */,
				32AAB7CF26753888008F1634 /* Info.plist */,
				32AAB7CC26753888008F1634 /* Preview Content */,
			);
			path = Rooms;
			sourceTree = "<group>";
		};
		32AAB7CC26753888008F1634 /* Preview Content */ = {
			isa = PBXGroup;
			children = (
				32AAB7CD26753888008F1634 /* Preview Assets.xcassets */,
			);
			path = "Preview Content";
			sourceTree = "<group>";
		};
		32AAB7D726753888008F1634 /* RoomsTests */ = {
			isa = PBXGroup;
			children = (
				32AAB7D826753888008F1634 /* RoomsTests.swift */,
				32AAB7DA26753888008F1634 /* Info.plist */,
			);
			path = RoomsTests;
			sourceTree = "<group>";
		};
		32AAB7E226753888008F1634 /* RoomsUITests */ = {
			isa = PBXGroup;
			children = (
				32AAB7E326753888008F1634 /* RoomsUITests.swift */,
				32AAB7E526753888008F1634 /* Info.plist */,
			);
			path = RoomsUITests;
			sourceTree = "<group>";
		};
/* End PBXGroup section */

/* Begin PBXNativeTarget section */
		32AAB7C226753886008F1634 /* Rooms */ = {
			isa = PBXNativeTarget;
			buildConfigurationList = 32AAB7E826753888008F1634 /* Build configuration list for PBXNativeTarget "Rooms" */;
			buildPhases = (
				32AAB7BF26753886008F1634 /* Sources */,
				32AAB7C026753886008F1634 /* Frameworks */,
				32AAB7C126753886008F1634 /* Resources */,
			);
			buildRules = (
			);
			dependencies = (
			);
			name = Rooms;
			productName = Rooms;
			productReference = 32AAB7C326753886008F1634 /* Rooms.app */;
			productType = "com.apple.product-type.application";
		};
		32AAB7D326753888008F1634 /* RoomsTests */ = {
			isa = PBXNativeTarget;
			buildConfigurationList = 32AAB7EB26753888008F1634 /* Build configuration list for PBXNativeTarget "RoomsTests" */;
			buildPhases = (
				32AAB7D026753888008F1634 /* Sources */,
				32AAB7D126753888008F1634 /* Frameworks */,
				32AAB7D226753888008F1634 /* Resources */,
			);
			buildRules = (
			);
			dependencies = (
				32AAB7D626753888008F1634 /* PBXTargetDependency */,
			);
			name = RoomsTests;
			productName = RoomsTests;
			productReference = 32AAB7D426753888008F1634 /* RoomsTests.xctest */;
			productType = "com.apple.product-type.bundle.unit-test";
		};
		32AAB7DE26753888008F1634 /* RoomsUITests */ = {
			isa = PBXNativeTarget;
			buildConfigurationList = 32AAB7EE26753888008F1634 /* Build configuration list for PBXNativeTarget "RoomsUITests" */;
			buildPhases = (
				32AAB7DB26753888008F1634 /* Sources */,
				32AAB7DC26753888008F1634 /* Frameworks */,
				32AAB7DD26753888008F1634 /* Resources */,
			);
			buildRules = (
			);
			dependencies = (
				32AAB7E126753888008F1634 /* PBXTargetDependency */,
			);
			name = RoomsUITests;
			productName = RoomsUITests;
			productReference = 32AAB7DF26753888008F1634 /* RoomsUITests.xctest */;
			productType = "com.apple.product-type.bundle.ui-testing";
		};
/* End PBXNativeTarget section */

/* Begin PBXProject section */
		32AAB7BB26753886008F1634 /* Project object */ = {
			isa = PBXProject;
			attributes = {
				LastSwiftUpdateCheck = 1240;
				LastUpgradeCheck = 1240;
				TargetAttributes = {
					32AAB7C226753886008F1634 = {
						CreatedOnToolsVersion = 12.4;
					};
					32AAB7D326753888008F1634 = {
						CreatedOnToolsVersion = 12.4;
						TestTargetID = 32AAB7C226753886008F1634;
					};
					32AAB7DE26753888008F1634 = {
						CreatedOnToolsVersion = 12.4;
						TestTargetID = 32AAB7C226753886008F1634;
					};
				};
			};
			buildConfigurationList = 32AAB7BE26753886008F1634 /* Build configuration list for PBXProject "Rooms" */;
			compatibilityVersion = "Xcode 9.3";
			developmentRegion = en;
			hasScannedForEncodings = 0;
			knownRegions = (
				en,
				Base,
			);
			mainGroup = 32AAB7BA26753886008F1634;
			productRefGroup = 32AAB7C426753886008F1634 /* Products */;
			projectDirPath = "";
			projectRoot = "";
			targets = (
				32AAB7C226753886008F1634 /* Rooms */,
				32AAB7D326753888008F1634 /* RoomsTests */,
				32AAB7DE26753888008F1634 /* RoomsUITests */,
			);
		};
/* End PBXProject section */

/* Begin PBXResourcesBuildPhase section */
		32AAB7C126753886008F1634 /* Resources */ = {
			isa = PBXResourcesBuildPhase;
			buildActionMask = 2147483647;
			files = (
				32AAB7CE26753888008F1634 /* Preview Assets.xcassets in Resources */,
				32AAB7CB26753888008F1634 /* Assets.xcassets in Resources */,
				32AAB81726754287008F1634 /* Rooms.xcassets in Resources */,
			);
			runOnlyForDeploymentPostprocessing = 0;
		};
		32AAB7D226753888008F1634 /* Resources */ = {
			isa = PBXResourcesBuildPhase;
			buildActionMask = 2147483647;
			files = (
			);
			runOnlyForDeploymentPostprocessing = 0;
		};
		32AAB7DD26753888008F1634 /* Resources */ = {
			isa = PBXResourcesBuildPhase;
			buildActionMask = 2147483647;
			files = (
			);
			runOnlyForDeploymentPostprocessing = 0;
		};
/* End PBXResourcesBuildPhase section */

/* Begin PBXSourcesBuildPhase section */
		32AAB7BF26753886008F1634 /* Sources */ = {
			isa = PBXSourcesBuildPhase;
			buildActionMask = 2147483647;
			files = (
				32AAB82426756032008F1634 /* RoomStore.swift in Sources */,
				32AAB7C926753886008F1634 /* ContentView.swift in Sources */,
				32AAB7C726753886008F1634 /* RoomsApp.swift in Sources */,
				32AAB7F826753B4B008F1634 /* Room.swift in Sources */,
				32AAB81F26755413008F1634 /* RoomDetail.swift in Sources */,
			);
			runOnlyForDeploymentPostprocessing = 0;
		};
		32AAB7D026753888008F1634 /* Sources */ = {
			isa = PBXSourcesBuildPhase;
			buildActionMask = 2147483647;
			files = (
				32AAB7D926753888008F1634 /* RoomsTests.swift in Sources */,
			);
			runOnlyForDeploymentPostprocessing = 0;
		};
		32AAB7DB26753888008F1634 /* Sources */ = {
			isa = PBXSourcesBuildPhase;
			buildActionMask = 2147483647;
			files = (
				32AAB7E426753888008F1634 /* RoomsUITests.swift in Sources */,
			);
			runOnlyForDeploymentPostprocessing = 0;
		};
/* End PBXSourcesBuildPhase section */

/* Begin PBXTargetDependency section */
		32AAB7D626753888008F1634 /* PBXTargetDependency */ = {
			isa = PBXTargetDependency;
			target = 32AAB7C226753886008F1634 /* Rooms */;
			targetProxy = 32AAB7D526753888008F1634 /* PBXContainerItemProxy */;
		};
		32AAB7E126753888008F1634 /* PBXTargetDependency */ = {
			isa = PBXTargetDependency;
			target = 32AAB7C226753886008F1634 /* Rooms */;
			targetProxy = 32AAB7E026753888008F1634 /* PBXContainerItemProxy */;
		};
/* End PBXTargetDependency section */

/* Begin XCBuildConfiguration section */
		32AAB7E626753888008F1634 /* Debug */ = {
			isa = XCBuildConfiguration;
			buildSettings = {
				ALWAYS_SEARCH_USER_PATHS = NO;
				CLANG_ANALYZER_NONNULL = YES;
				CLANG_ANALYZER_NUMBER_OBJECT_CONVERSION = YES_AGGRESSIVE;
				CLANG_CXX_LANGUAGE_STANDARD = "gnu++14";
				CLANG_CXX_LIBRARY = "libc++";
				CLANG_ENABLE_MODULES = YES;
				CLANG_ENABLE_OBJC_ARC = YES;
				CLANG_ENABLE_OBJC_WEAK = YES;
				CLANG_WARN_BLOCK_CAPTURE_AUTORELEASING = YES;
				CLANG_WARN_BOOL_CONVERSION = YES;
				CLANG_WARN_COMMA = YES;
				CLANG_WARN_CONSTANT_CONVERSION = YES;
				CLANG_WARN_DEPRECATED_OBJC_IMPLEMENTATIONS = YES;
				CLANG_WARN_DIRECT_OBJC_ISA_USAGE = YES_ERROR;
				CLANG_WARN_DOCUMENTATION_COMMENTS = YES;
				CLANG_WARN_EMPTY_BODY = YES;
				CLANG_WARN_ENUM_CONVERSION = YES;
				CLANG_WARN_INFINITE_RECURSION = YES;
				CLANG_WARN_INT_CONVERSION = YES;
				CLANG_WARN_NON_LITERAL_NULL_CONVERSION = YES;
				CLANG_WARN_OBJC_IMPLICIT_RETAIN_SELF = YES;
				CLANG_WARN_OBJC_LITERAL_CONVERSION = YES;
				CLANG_WARN_OBJC_ROOT_CLASS = YES_ERROR;
				CLANG_WARN_QUOTED_INCLUDE_IN_FRAMEWORK_HEADER = YES;
				CLANG_WARN_RANGE_LOOP_ANALYSIS = YES;
				CLANG_WARN_STRICT_PROTOTYPES = YES;
				CLANG_WARN_SUSPICIOUS_MOVE = YES;
				CLANG_WARN_UNGUARDED_AVAILABILITY = YES_AGGRESSIVE;
				CLANG_WARN_UNREACHABLE_CODE = YES;
				CLANG_WARN__DUPLICATE_METHOD_MATCH = YES;
				COPY_PHASE_STRIP = NO;
				DEBUG_INFORMATION_FORMAT = dwarf;
				ENABLE_STRICT_OBJC_MSGSEND = YES;
				ENABLE_TESTABILITY = YES;
				GCC_C_LANGUAGE_STANDARD = gnu11;
				GCC_DYNAMIC_NO_PIC = NO;
				GCC_NO_COMMON_BLOCKS = YES;
				GCC_OPTIMIZATION_LEVEL = 0;
				GCC_PREPROCESSOR_DEFINITIONS = (
					"DEBUG=1",
					"$(inherited)",
				);
				GCC_WARN_64_TO_32_BIT_CONVERSION = YES;
				GCC_WARN_ABOUT_RETURN_TYPE = YES_ERROR;
				GCC_WARN_UNDECLARED_SELECTOR = YES;
				GCC_WARN_UNINITIALIZED_AUTOS = YES_AGGRESSIVE;
				GCC_WARN_UNUSED_FUNCTION = YES;
				GCC_WARN_UNUSED_VARIABLE = YES;
				IPHONEOS_DEPLOYMENT_TARGET = 14.4;
				MTL_ENABLE_DEBUG_INFO = INCLUDE_SOURCE;
				MTL_FAST_MATH = YES;
				ONLY_ACTIVE_ARCH = YES;
				SDKROOT = iphoneos;
				SWIFT_ACTIVE_COMPILATION_CONDITIONS = DEBUG;
				SWIFT_OPTIMIZATION_LEVEL = "-Onone";
			};
			name = Debug;
		};
		32AAB7E726753888008F1634 /* Release */ = {
			isa = XCBuildConfiguration;
			buildSettings = {
				ALWAYS_SEARCH_USER_PATHS = NO;
				CLANG_ANALYZER_NONNULL = YES;
				CLANG_ANALYZER_NUMBER_OBJECT_CONVERSION = YES_AGGRESSIVE;
				CLANG_CXX_LANGUAGE_STANDARD = "gnu++14";
				CLANG_CXX_LIBRARY = "libc++";
				CLANG_ENABLE_MODULES = YES;
				CLANG_ENABLE_OBJC_ARC = YES;
				CLANG_ENABLE_OBJC_WEAK = YES;
				CLANG_WARN_BLOCK_CAPTURE_AUTORELEASING = YES;
				CLANG_WARN_BOOL_CONVERSION = YES;
				CLANG_WARN_COMMA = YES;
				CLANG_WARN_CONSTANT_CONVERSION = YES;
				CLANG_WARN_DEPRECATED_OBJC_IMPLEMENTATIONS = YES;
				CLANG_WARN_DIRECT_OBJC_ISA_USAGE = YES_ERROR;
				CLANG_WARN_DOCUMENTATION_COMMENTS = YES;
				CLANG_WARN_EMPTY_BODY = YES;
				CLANG_WARN_ENUM_CONVERSION = YES;
				CLANG_WARN_INFINITE_RECURSION = YES;
				CLANG_WARN_INT_CONVERSION = YES;
				CLANG_WARN_NON_LITERAL_NULL_CONVERSION = YES;
				CLANG_WARN_OBJC_IMPLICIT_RETAIN_SELF = YES;
				CLANG_WARN_OBJC_LITERAL_CONVERSION = YES;
				CLANG_WARN_OBJC_ROOT_CLASS = YES_ERROR;
				CLANG_WARN_QUOTED_INCLUDE_IN_FRAMEWORK_HEADER = YES;
				CLANG_WARN_RANGE_LOOP_ANALYSIS = YES;
				CLANG_WARN_STRICT_PROTOTYPES = YES;
				CLANG_WARN_SUSPICIOUS_MOVE = YES;
				CLANG_WARN_UNGUARDED_AVAILABILITY = YES_AGGRESSIVE;
				CLANG_WARN_UNREACHABLE_CODE = YES;
				CLANG_WARN__DUPLICATE_METHOD_MATCH = YES;
				COPY_PHASE_STRIP = NO;
				DEBUG_INFORMATION_FORMAT = "dwarf-with-dsym";
				ENABLE_NS_ASSERTIONS = NO;
				ENABLE_STRICT_OBJC_MSGSEND = YES;
				GCC_C_LANGUAGE_STANDARD = gnu11;
				GCC_NO_COMMON_BLOCKS = YES;
				GCC_WARN_64_TO_32_BIT_CONVERSION = YES;
				GCC_WARN_ABOUT_RETURN_TYPE = YES_ERROR;
				GCC_WARN_UNDECLARED_SELECTOR = YES;
				GCC_WARN_UNINITIALIZED_AUTOS = YES_AGGRESSIVE;
				GCC_WARN_UNUSED_FUNCTION = YES;
				GCC_WARN_UNUSED_VARIABLE = YES;
				IPHONEOS_DEPLOYMENT_TARGET = 14.4;
				MTL_ENABLE_DEBUG_INFO = NO;
				MTL_FAST_MATH = YES;
				SDKROOT = iphoneos;
				SWIFT_COMPILATION_MODE = wholemodule;
				SWIFT_OPTIMIZATION_LEVEL = "-O";
				VALIDATE_PRODUCT = YES;
			};
			name = Release;
		};
		32AAB7E926753888008F1634 /* Debug */ = {
			isa = XCBuildConfiguration;
			buildSettings = {
				ASSETCATALOG_COMPILER_APPICON_NAME = AppIcon;
				ASSETCATALOG_COMPILER_GLOBAL_ACCENT_COLOR_NAME = AccentColor;
				CODE_SIGN_STYLE = Automatic;
				DEVELOPMENT_ASSET_PATHS = "\"Rooms/Preview Content\"";
				ENABLE_PREVIEWS = YES;
				INFOPLIST_FILE = Rooms/Info.plist;
				IPHONEOS_DEPLOYMENT_TARGET = 14.0;
				LD_RUNPATH_SEARCH_PATHS = (
					"$(inherited)",
					"@executable_path/Frameworks",
				);
				PRODUCT_BUNDLE_IDENTIFIER = test.Rooms;
				PRODUCT_NAME = "$(TARGET_NAME)";
				SWIFT_VERSION = 5.0;
				TARGETED_DEVICE_FAMILY = "1,2";
			};
			name = Debug;
		};
		32AAB7EA26753888008F1634 /* Release */ = {
			isa = XCBuildConfiguration;
			buildSettings = {
				ASSETCATALOG_COMPILER_APPICON_NAME = AppIcon;
				ASSETCATALOG_COMPILER_GLOBAL_ACCENT_COLOR_NAME = AccentColor;
				CODE_SIGN_STYLE = Automatic;
				DEVELOPMENT_ASSET_PATHS = "\"Rooms/Preview Content\"";
				ENABLE_PREVIEWS = YES;
				INFOPLIST_FILE = Rooms/Info.plist;
				IPHONEOS_DEPLOYMENT_TARGET = 14.0;
				LD_RUNPATH_SEARCH_PATHS = (
					"$(inherited)",
					"@executable_path/Frameworks",
				);
				PRODUCT_BUNDLE_IDENTIFIER = test.Rooms;
				PRODUCT_NAME = "$(TARGET_NAME)";
				SWIFT_VERSION = 5.0;
				TARGETED_DEVICE_FAMILY = "1,2";
			};
			name = Release;
		};
		32AAB7EC26753888008F1634 /* Debug */ = {
			isa = XCBuildConfiguration;
			buildSettings = {
				ALWAYS_EMBED_SWIFT_STANDARD_LIBRARIES = YES;
				BUNDLE_LOADER = "$(TEST_HOST)";
				CODE_SIGN_STYLE = Automatic;
				INFOPLIST_FILE = RoomsTests/Info.plist;
				IPHONEOS_DEPLOYMENT_TARGET = 14.0;
				LD_RUNPATH_SEARCH_PATHS = (
					"$(inherited)",
					"@executable_path/Frameworks",
					"@loader_path/Frameworks",
				);
				PRODUCT_BUNDLE_IDENTIFIER = test.RoomsTests;
				PRODUCT_NAME = "$(TARGET_NAME)";
				SWIFT_VERSION = 5.0;
				TARGETED_DEVICE_FAMILY = "1,2";
				TEST_HOST = "$(BUILT_PRODUCTS_DIR)/Rooms.app/Rooms";
			};
			name = Debug;
		};
		32AAB7ED26753888008F1634 /* Release */ = {
			isa = XCBuildConfiguration;
			buildSettings = {
				ALWAYS_EMBED_SWIFT_STANDARD_LIBRARIES = YES;
				BUNDLE_LOADER = "$(TEST_HOST)";
				CODE_SIGN_STYLE = Automatic;
				INFOPLIST_FILE = RoomsTests/Info.plist;
				IPHONEOS_DEPLOYMENT_TARGET = 14.0;
				LD_RUNPATH_SEARCH_PATHS = (
					"$(inherited)",
					"@executable_path/Frameworks",
					"@loader_path/Frameworks",
				);
				PRODUCT_BUNDLE_IDENTIFIER = test.RoomsTests;
				PRODUCT_NAME = "$(TARGET_NAME)";
				SWIFT_VERSION = 5.0;
				TARGETED_DEVICE_FAMILY = "1,2";
				TEST_HOST = "$(BUILT_PRODUCTS_DIR)/Rooms.app/Rooms";
			};
			name = Release;
		};
		32AAB7EF26753888008F1634 /* Debug */ = {
			isa = XCBuildConfiguration;
			buildSettings = {
				ALWAYS_EMBED_SWIFT_STANDARD_LIBRARIES = YES;
				CODE_SIGN_STYLE = Automatic;
				INFOPLIST_FILE = RoomsUITests/Info.plist;
				LD_RUNPATH_SEARCH_PATHS = (
					"$(inherited)",
					"@executable_path/Frameworks",
					"@loader_path/Frameworks",
				);
				PRODUCT_BUNDLE_IDENTIFIER = test.RoomsUITests;
				PRODUCT_NAME = "$(TARGET_NAME)";
				SWIFT_VERSION = 5.0;
				TARGETED_DEVICE_FAMILY = "1,2";
				TEST_TARGET_NAME = Rooms;
			};
			name = Debug;
		};
		32AAB7F026753888008F1634 /* Release */ = {
			isa = XCBuildConfiguration;
			buildSettings = {
				ALWAYS_EMBED_SWIFT_STANDARD_LIBRARIES = YES;
				CODE_SIGN_STYLE = Automatic;
				INFOPLIST_FILE = RoomsUITests/Info.plist;
				LD_RUNPATH_SEARCH_PATHS = (
					"$(inherited)",
					"@executable_path/Frameworks",
					"@loader_path/Frameworks",
				);
				PRODUCT_BUNDLE_IDENTIFIER = test.RoomsUITests;
				PRODUCT_NAME = "$(TARGET_NAME)";
				SWIFT_VERSION = 5.0;
				TARGETED_DEVICE_FAMILY = "1,2";
				TEST_TARGET_NAME = Rooms;
			};
			name = Release;
		};
/* End XCBuildConfiguration section */

/* Begin XCConfigurationList section */
		32AAB7BE26753886008F1634 /* Build configuration list for PBXProject "Rooms" */ = {
			isa = XCConfigurationList;
			buildConfigurations = (
				32AAB7E626753888008F1634 /* Debug */,
				32AAB7E726753888008F1634 /* Release */,
			);
			defaultConfigurationIsVisible = 0;
			defaultConfigurationName = Release;
		};
		32AAB7E826753888008F1634 /* Build configuration list for PBXNativeTarget "Rooms" */ = {
			isa = XCConfigurationList;
			buildConfigurations = (
				32AAB7E926753888008F1634 /* Debug */,
				32AAB7EA26753888008F1634 /* Release */,
			);
			defaultConfigurationIsVisible = 0;
			defaultConfigurationName = Release;
		};
		32AAB7EB26753888008F1634 /* Build configuration list for PBXNativeTarget "RoomsTests" */ = {
			isa = XCConfigurationList;
			buildConfigurations = (
				32AAB7EC26753888008F1634 /* Debug */,
				32AAB7ED26753888008F1634 /* Release */,
			);
			defaultConfigurationIsVisible = 0;
			defaultConfigurationName = Release;
		};
		32AAB7EE26753888008F1634 /* Build configuration list for PBXNativeTarget "RoomsUITests" */ = {
			isa = XCConfigurationList;
			buildConfigurations = (
				32AAB7EF26753888008F1634 /* Debug */,
				32AAB7F026753888008F1634 /* Release */,
			);
			defaultConfigurationIsVisible = 0;
			defaultConfigurationName = Release;
		};
/* End XCConfigurationList section */
	};
	rootObject = 32AAB7BB26753886008F1634 /* Project object */;
}
